{
  "requires": true,
  "lockfileVersion": 1,
  "dependencies": {
    "vue-carousel": {
      "version": "0.6.9",
      "resolved": "https://registry.npmjs.org/vue-carousel/-/vue-carousel-0.6.9.tgz",
      "integrity": "sha512-3QWMcfzoyU4mEw3RPyhet2DWOwkmk2i31tdB+EthEmsxHdJNkjVn6QItS8QhNlr950Zje+kBKdaK6i1Ol//taA=="
    }
  }
}
